
Microsoft Visual Studio Solution File, Format Version 12.00
# Visual Studio 15
VisualStudioVersion = 15.0.28307.539
MinimumVisualStudioVersion = 10.0.40219.1
Project("{FAE04EC0-301F-11D3-BF4B-00C04F79EFBC}") = "UITestingApp", "UITestingApp\UITestingApp.csproj", "{1B001393-8FF5-4968-9EE8-C303E89CC017}"
EndProject
Global
	GlobalSection(SolutionConfigurationPlatforms) = preSolution
		Debug|Any CPU = Debug|Any CPU
		Release|Any CPU = Release|Any CPU
	EndGlobalSection
	GlobalSection(ProjectConfigurationPlatforms) = postSolution
		{1B001393-8FF5-4968-9EE8-C303E89CC017}.Debug|Any CPU.ActiveCfg = Debug|Any CPU
		{1B001393-8FF5-4968-9EE8-C303E89CC017}.Debug|Any CPU.Build.0 = Debug|Any CPU
		{1B001393-8FF5-4968-9EE8-C303E89CC017}.Release|Any CPU.ActiveCfg = Release|Any CPU
		{1B001393-8FF5-4968-9EE8-C303E89CC017}.Release|Any CPU.Build.0 = Release|Any CPU
	EndGlobalSection
	GlobalSection(SolutionProperties) = preSolution
		HideSolutionNode = FALSE
	EndGlobalSection
	GlobalSection(ExtensibilityGlobals) = postSolution
		SolutionGuid = {1723614F-2E20-4806-A1C3-ED452635D73A}
	EndGlobalSection
EndGlobal
